
Microsoft Visual Studio Solution File, Format Version 12.00
# Visual Studio Version 17
VisualStudioVersion = 17.11.35222.181
MinimumVisualStudioVersion = 10.0.40219.1
Project("{FAE04EC0-301F-11D3-BF4B-00C04F79EFBC}") = "MangaAPI", "MangaAPI\MangaAPI.csproj", "{2C634520-1D72-426A-BACF-D2467F8FF5A6}"
EndProject
Global
	GlobalSection(SolutionConfigurationPlatforms) = preSolution
		Debug|Any CPU = Debug|Any CPU
		Release|Any CPU = Release|Any CPU
	EndGlobalSection
	GlobalSection(ProjectConfigurationPlatforms) = postSolution
		{2C634520-1D72-426A-BACF-D2467F8FF5A6}.Debug|Any CPU.ActiveCfg = Debug|Any CPU
		{2C634520-1D72-426A-BACF-D2467F8FF5A6}.Debug|Any CPU.Build.0 = Debug|Any CPU
		{2C634520-1D72-426A-BACF-D2467F8FF5A6}.Release|Any CPU.ActiveCfg = Release|Any CPU
		{2C634520-1D72-426A-BACF-D2467F8FF5A6}.Release|Any CPU.Build.0 = Release|Any CPU
	EndGlobalSection
	GlobalSection(SolutionProperties) = preSolution
		HideSolutionNode = FALSE
	EndGlobalSection
	GlobalSection(ExtensibilityGlobals) = postSolution
		SolutionGuid = {C1FDF47F-D6D2-433D-9B17-8CA663D3AA4F}
	EndGlobalSection
EndGlobal
